// !$*UTF8*$!
{
	archiveVersion = 1;
	classes = {
	};
	objectVersion = 77;
	objects = {

/* Begin PBXBuildFile section */
		506F86CD2ED6399600A402C3 /* BaysideDeliApp.swift in Sources */ = {isa = PBXBuildFile; fileRef = 506F86CC2ED6399600A402C3 /* BaysideDeliApp.swift */; };
		506F86CF2ED6399600A402C3 /* MenuView.swift in Sources */ = {isa = PBXBuildFile; fileRef = 506F86CE2ED6399600A402C3 /* MenuView.swift */; };
		506F86D12ED6399800A402C3 /* Assets.xcassets in Resources */ = {isa = PBXBuildFile; fileRef = 506F86D02ED6399800A402C3 /* Assets.xcassets */; };
		506F86E12ED7EB1A00A402C3 /* MenuViewModel.swift in Sources */ = {isa = PBXBuildFile; fileRef = 506F86E02ED7EB1300A402C3 /* MenuViewModel.swift */; };
		506F86E22ED7ECEA00A402C3 /* MenuService.swift in Sources */ = {isa = PBXBuildFile; fileRef = 506F86DE2ED6457100A402C3 /* MenuService.swift */; };
		506F86E32ED7ECF200A402C3 /* MenuItem.swift in Sources */ = {isa = PBXBuildFile; fileRef = 506F86DF2ED6B1C000A402C3 /* MenuItem.swift */; };
		506F86E62ED8D3BB00A402C3 /* Auth in Frameworks */ = {isa = PBXBuildFile; productRef = 506F86E52ED8D3BB00A402C3 /* Auth */; };
		506F86E82ED8D3BB00A402C3 /* PostgREST in Frameworks */ = {isa = PBXBuildFile; productRef = 506F86E72ED8D3BB00A402C3 /* PostgREST */; };
		506F86EA2ED8D3BB00A402C3 /* Storage in Frameworks */ = {isa = PBXBuildFile; productRef = 506F86E92ED8D3BB00A402C3 /* Storage */; };
		506F86EC2ED8D3EB00A402C3 /* Secrets.swift in Sources */ = {isa = PBXBuildFile; fileRef = 506F86EB2ED8D3E100A402C3 /* Secrets.swift */; };
/* End PBXBuildFile section */

/* Begin PBXFileReference section */
		506F86C92ED6399600A402C3 /* BaysideDeli.app */ = {isa = PBXFileReference; explicitFileType = wrapper.application; includeInIndex = 0; path = BaysideDeli.app; sourceTree = BUILT_PRODUCTS_DIR; };
		506F86CC2ED6399600A402C3 /* BaysideDeliApp.swift */ = {isa = PBXFileReference; lastKnownFileType = sourcecode.swift; path = BaysideDeliApp.swift; sourceTree = "<group>"; };
		506F86CE2ED6399600A402C3 /* MenuView.swift */ = {isa = PBXFileReference; lastKnownFileType = sourcecode.swift; path = MenuView.swift; sourceTree = "<group>"; };
		506F86D02ED6399800A402C3 /* Assets.xcassets */ = {isa = PBXFileReference; lastKnownFileType = folder.assetcatalog; path = Assets.xcassets; sourceTree = "<group>"; };
		506F86DE2ED6457100A402C3 /* MenuService.swift */ = {isa = PBXFileReference; lastKnownFileType = sourcecode.swift; path = MenuService.swift; sourceTree = "<group>"; };
		506F86DF2ED6B1C000A402C3 /* MenuItem.swift */ = {isa = PBXFileReference; lastKnownFileType = sourcecode.swift; path = MenuItem.swift; sourceTree = "<group>"; };
		506F86E02ED7EB1300A402C3 /* MenuViewModel.swift */ = {isa = PBXFileReference; lastKnownFileType = sourcecode.swift; path = MenuViewModel.swift; sourceTree = "<group>"; };
		506F86EB2ED8D3E100A402C3 /* Secrets.swift */ = {isa = PBXFileReference; lastKnownFileType = sourcecode.swift; path = Secrets.swift; sourceTree = "<group>"; };
/* End PBXFileReference section */

/* Begin PBXFrameworksBuildPhase section */
		506F86C62ED6399600A402C3 /* Frameworks */ = {
			isa = PBXFrameworksBuildPhase;
			buildActionMask = 2147483647;
			files = (
				506F86EA2ED8D3BB00A402C3 /* Storage in Frameworks */,
				506F86E82ED8D3BB00A402C3 /* PostgREST in Frameworks */,
				506F86E62ED8D3BB00A402C3 /* Auth in Frameworks */,
			);
			runOnlyForDeploymentPostprocessing = 0;
		};
/* End PBXFrameworksBuildPhase section */

/* Begin PBXGroup section */
		506F86C02ED6399600A402C3 = {
			isa = PBXGroup;
			children = (
				506F86DC2ED639F300A402C3 /* Components */,
				506F86DB2ED639EE00A402C3 /* Models */,
				506F86DA2ED639E100A402C3 /* Services */,
				506F86D92ED639D400A402C3 /* Features */,
				506F86D82ED639C700A402C3 /* Core */,
				506F86D72ED639A400A402C3 /* App */,
				506F86CA2ED6399600A402C3 /* Products */,
			);
			sourceTree = "<group>";
		};
		506F86CA2ED6399600A402C3 /* Products */ = {
			isa = PBXGroup;
			children = (
				506F86C92ED6399600A402C3 /* BaysideDeli.app */,
			);
			name = Products;
			sourceTree = "<group>";
		};
		506F86D72ED639A400A402C3 /* App */ = {
			isa = PBXGroup;
			children = (
				506F86CC2ED6399600A402C3 /* BaysideDeliApp.swift */,
			);
			path = App;
			sourceTree = "<group>";
		};
		506F86D82ED639C700A402C3 /* Core */ = {
			isa = PBXGroup;
			children = (
				506F86EB2ED8D3E100A402C3 /* Secrets.swift */,
				506F86D02ED6399800A402C3 /* Assets.xcassets */,
			);
			path = Core;
			sourceTree = "<group>";
		};
		506F86D92ED639D400A402C3 /* Features */ = {
			isa = PBXGroup;
			children = (
				506F86DD2ED63B3B00A402C3 /* Menu */,
			);
			path = Features;
			sourceTree = "<group>";
		};
		506F86DA2ED639E100A402C3 /* Services */ = {
			isa = PBXGroup;
			children = (
				506F86DE2ED6457100A402C3 /* MenuService.swift */,
			);
			path = Services;
			sourceTree = "<group>";
		};
		506F86DB2ED639EE00A402C3 /* Models */ = {
			isa = PBXGroup;
			children = (
				506F86DF2ED6B1C000A402C3 /* MenuItem.swift */,
			);
			path = Models;
			sourceTree = "<group>";
		};
		506F86DC2ED639F300A402C3 /* Components */ = {
			isa = PBXGroup;
			children = (
			);
			path = Components;
			sourceTree = "<group>";
		};
		506F86DD2ED63B3B00A402C3 /* Menu */ = {
			isa = PBXGroup;
			children = (
				506F86E02ED7EB1300A402C3 /* MenuViewModel.swift */,
				506F86CE2ED6399600A402C3 /* MenuView.swift */,
			);
			path = Menu;
			sourceTree = "<group>";
		};
/* End PBXGroup section */

/* Begin PBXNativeTarget section */
		506F86C82ED6399600A402C3 /* BaysideDeli */ = {
			isa = PBXNativeTarget;
			buildConfigurationList = 506F86D42ED6399800A402C3 /* Build configuration list for PBXNativeTarget "BaysideDeli" */;
			buildPhases = (
				506F86C52ED6399600A402C3 /* Sources */,
				506F86C62ED6399600A402C3 /* Frameworks */,
				506F86C72ED6399600A402C3 /* Resources */,
			);
			buildRules = (
			);
			dependencies = (
			);
			name = BaysideDeli;
			packageProductDependencies = (
				506F86E52ED8D3BB00A402C3 /* Auth */,
				506F86E72ED8D3BB00A402C3 /* PostgREST */,
				506F86E92ED8D3BB00A402C3 /* Storage */,
			);
			productName = BaysideDeli;
			productReference = 506F86C92ED6399600A402C3 /* BaysideDeli.app */;
			productType = "com.apple.product-type.application";
		};
/* End PBXNativeTarget section */

/* Begin PBXProject section */
		506F86C12ED6399600A402C3 /* Project object */ = {
			isa = PBXProject;
			attributes = {
				BuildIndependentTargetsInParallel = 1;
				LastSwiftUpdateCheck = 2610;
				LastUpgradeCheck = 2610;
				TargetAttributes = {
					506F86C82ED6399600A402C3 = {
						CreatedOnToolsVersion = 26.1.1;
					};
				};
			};
			buildConfigurationList = 506F86C42ED6399600A402C3 /* Build configuration list for PBXProject "BaysideDeli" */;
			developmentRegion = en;
			hasScannedForEncodings = 0;
			knownRegions = (
				en,
				Base,
			);
			mainGroup = 506F86C02ED6399600A402C3;
			minimizedProjectReferenceProxies = 1;
			packageReferences = (
				506F86E42ED8D3BB00A402C3 /* XCRemoteSwiftPackageReference "supabase-swift" */,
			);
			preferredProjectObjectVersion = 77;
			productRefGroup = 506F86CA2ED6399600A402C3 /* Products */;
			projectDirPath = "";
			projectRoot = "";
			targets = (
				506F86C82ED6399600A402C3 /* BaysideDeli */,
			);
		};
/* End PBXProject section */

/* Begin PBXResourcesBuildPhase section */
		506F86C72ED6399600A402C3 /* Resources */ = {
			isa = PBXResourcesBuildPhase;
			buildActionMask = 2147483647;
			files = (
				506F86D12ED6399800A402C3 /* Assets.xcassets in Resources */,
			);
			runOnlyForDeploymentPostprocessing = 0;
		};
/* End PBXResourcesBuildPhase section */

/* Begin PBXSourcesBuildPhase section */
		506F86C52ED6399600A402C3 /* Sources */ = {
			isa = PBXSourcesBuildPhase;
			buildActionMask = 2147483647;
			files = (
				506F86E12ED7EB1A00A402C3 /* MenuViewModel.swift in Sources */,
				506F86EC2ED8D3EB00A402C3 /* Secrets.swift in Sources */,
				506F86CF2ED6399600A402C3 /* MenuView.swift in Sources */,
				506F86E22ED7ECEA00A402C3 /* MenuService.swift in Sources */,
				506F86CD2ED6399600A402C3 /* BaysideDeliApp.swift in Sources */,
				506F86E32ED7ECF200A402C3 /* MenuItem.swift in Sources */,
			);
			runOnlyForDeploymentPostprocessing = 0;
		};
/* End PBXSourcesBuildPhase section */

/* Begin XCBuildConfiguration section */
		506F86D22ED6399800A402C3 /* Debug */ = {
			isa = XCBuildConfiguration;
			buildSettings = {
				ALWAYS_SEARCH_USER_PATHS = NO;
				ASSETCATALOG_COMPILER_GENERATE_SWIFT_ASSET_SYMBOL_EXTENSIONS = YES;
				CLANG_ANALYZER_NONNULL = YES;
				CLANG_ANALYZER_NUMBER_OBJECT_CONVERSION = YES_AGGRESSIVE;
				CLANG_CXX_LANGUAGE_STANDARD = "gnu++20";
				CLANG_ENABLE_MODULES = YES;
				CLANG_ENABLE_OBJC_ARC = YES;
				CLANG_ENABLE_OBJC_WEAK = YES;
				CLANG_WARN_BLOCK_CAPTURE_AUTORELEASING = YES;
				CLANG_WARN_BOOL_CONVERSION = YES;
				CLANG_WARN_COMMA = YES;
				CLANG_WARN_CONSTANT_CONVERSION = YES;
				CLANG_WARN_DEPRECATED_OBJC_IMPLEMENTATIONS = YES;
				CLANG_WARN_DIRECT_OBJC_ISA_USAGE = YES_ERROR;
				CLANG_WARN_DOCUMENTATION_COMMENTS = YES;
				CLANG_WARN_EMPTY_BODY = YES;
				CLANG_WARN_ENUM_CONVERSION = YES;
				CLANG_WARN_INFINITE_RECURSION = YES;
				CLANG_WARN_INT_CONVERSION = YES;
				CLANG_WARN_NON_LITERAL_NULL_CONVERSION = YES;
				CLANG_WARN_OBJC_IMPLICIT_RETAIN_SELF = YES;
				CLANG_WARN_OBJC_LITERAL_CONVERSION = YES;
				CLANG_WARN_OBJC_ROOT_CLASS = YES_ERROR;
				CLANG_WARN_QUOTED_INCLUDE_IN_FRAMEWORK_HEADER = YES;
				CLANG_WARN_RANGE_LOOP_ANALYSIS = YES;
				CLANG_WARN_STRICT_PROTOTYPES = YES;
				CLANG_WARN_SUSPICIOUS_MOVE = YES;
				CLANG_WARN_UNGUARDED_AVAILABILITY = YES_AGGRESSIVE;
				CLANG_WARN_UNREACHABLE_CODE = YES;
				CLANG_WARN__DUPLICATE_METHOD_MATCH = YES;
				COPY_PHASE_STRIP = NO;
				DEBUG_INFORMATION_FORMAT = dwarf;
				DEVELOPMENT_TEAM = 7C7Q223T5G;
				ENABLE_STRICT_OBJC_MSGSEND = YES;
				ENABLE_TESTABILITY = YES;
				ENABLE_USER_SCRIPT_SANDBOXING = YES;
				GCC_C_LANGUAGE_STANDARD = gnu17;
				GCC_DYNAMIC_NO_PIC = NO;
				GCC_NO_COMMON_BLOCKS = YES;
				GCC_OPTIMIZATION_LEVEL = 0;
				GCC_PREPROCESSOR_DEFINITIONS = (
					"DEBUG=1",
					"$(inherited)",
				);
				GCC_WARN_64_TO_32_BIT_CONVERSION = YES;
				GCC_WARN_ABOUT_RETURN_TYPE = YES_ERROR;
				GCC_WARN_UNDECLARED_SELECTOR = YES;
				GCC_WARN_UNINITIALIZED_AUTOS = YES_AGGRESSIVE;
				GCC_WARN_UNUSED_FUNCTION = YES;
				GCC_WARN_UNUSED_VARIABLE = YES;
				IPHONEOS_DEPLOYMENT_TARGET = 26.1;
				LOCALIZATION_PREFERS_STRING_CATALOGS = YES;
				MTL_ENABLE_DEBUG_INFO = INCLUDE_SOURCE;
				MTL_FAST_MATH = YES;
				ONLY_ACTIVE_ARCH = YES;
				SDKROOT = iphoneos;
				SWIFT_ACTIVE_COMPILATION_CONDITIONS = "DEBUG $(inherited)";
				SWIFT_OPTIMIZATION_LEVEL = "-Onone";
			};
			name = Debug;
		};
		506F86D32ED6399800A402C3 /* Release */ = {
			isa = XCBuildConfiguration;
			buildSettings = {
				ALWAYS_SEARCH_USER_PATHS = NO;
				ASSETCATALOG_COMPILER_GENERATE_SWIFT_ASSET_SYMBOL_EXTENSIONS = YES;
				CLANG_ANALYZER_NONNULL = YES;
				CLANG_ANALYZER_NUMBER_OBJECT_CONVERSION = YES_AGGRESSIVE;
				CLANG_CXX_LANGUAGE_STANDARD = "gnu++20";
				CLANG_ENABLE_MODULES = YES;
				CLANG_ENABLE_OBJC_ARC = YES;
				CLANG_ENABLE_OBJC_WEAK = YES;
				CLANG_WARN_BLOCK_CAPTURE_AUTORELEASING = YES;
				CLANG_WARN_BOOL_CONVERSION = YES;
				CLANG_WARN_COMMA = YES;
				CLANG_WARN_CONSTANT_CONVERSION = YES;
				CLANG_WARN_DEPRECATED_OBJC_IMPLEMENTATIONS = YES;
				CLANG_WARN_DIRECT_OBJC_ISA_USAGE = YES_ERROR;
				CLANG_WARN_DOCUMENTATION_COMMENTS = YES;
				CLANG_WARN_EMPTY_BODY = YES;
				CLANG_WARN_ENUM_CONVERSION = YES;
				CLANG_WARN_INFINITE_RECURSION = YES;
				CLANG_WARN_INT_CONVERSION = YES;
				CLANG_WARN_NON_LITERAL_NULL_CONVERSION = YES;
				CLANG_WARN_OBJC_IMPLICIT_RETAIN_SELF = YES;
				CLANG_WARN_OBJC_LITERAL_CONVERSION = YES;
				CLANG_WARN_OBJC_ROOT_CLASS = YES_ERROR;
				CLANG_WARN_QUOTED_INCLUDE_IN_FRAMEWORK_HEADER = YES;
				CLANG_WARN_RANGE_LOOP_ANALYSIS = YES;
				CLANG_WARN_STRICT_PROTOTYPES = YES;
				CLANG_WARN_SUSPICIOUS_MOVE = YES;
				CLANG_WARN_UNGUARDED_AVAILABILITY = YES_AGGRESSIVE;
				CLANG_WARN_UNREACHABLE_CODE = YES;
				CLANG_WARN__DUPLICATE_METHOD_MATCH = YES;
				COPY_PHASE_STRIP = NO;
				DEBUG_INFORMATION_FORMAT = "dwarf-with-dsym";
				DEVELOPMENT_TEAM = 7C7Q223T5G;
				ENABLE_NS_ASSERTIONS = NO;
				ENABLE_STRICT_OBJC_MSGSEND = YES;
				ENABLE_USER_SCRIPT_SANDBOXING = YES;
				GCC_C_LANGUAGE_STANDARD = gnu17;
				GCC_NO_COMMON_BLOCKS = YES;
				GCC_WARN_64_TO_32_BIT_CONVERSION = YES;
				GCC_WARN_ABOUT_RETURN_TYPE = YES_ERROR;
				GCC_WARN_UNDECLARED_SELECTOR = YES;
				GCC_WARN_UNINITIALIZED_AUTOS = YES_AGGRESSIVE;
				GCC_WARN_UNUSED_FUNCTION = YES;
				GCC_WARN_UNUSED_VARIABLE = YES;
				IPHONEOS_DEPLOYMENT_TARGET = 26.1;
				LOCALIZATION_PREFERS_STRING_CATALOGS = YES;
				MTL_ENABLE_DEBUG_INFO = NO;
				MTL_FAST_MATH = YES;
				SDKROOT = iphoneos;
				SWIFT_COMPILATION_MODE = wholemodule;
				VALIDATE_PRODUCT = YES;
			};
			name = Release;
		};
		506F86D52ED6399800A402C3 /* Debug */ = {
			isa = XCBuildConfiguration;
			buildSettings = {
				ASSETCATALOG_COMPILER_APPICON_NAME = AppIcon;
				ASSETCATALOG_COMPILER_GLOBAL_ACCENT_COLOR_NAME = AccentColor;
				CODE_SIGN_STYLE = Automatic;
				CURRENT_PROJECT_VERSION = 1;
				DEVELOPMENT_TEAM = 7C7Q223T5G;
				ENABLE_PREVIEWS = YES;
				GENERATE_INFOPLIST_FILE = YES;
				INFOPLIST_KEY_UIApplicationSceneManifest_Generation = YES;
				INFOPLIST_KEY_UIApplicationSupportsIndirectInputEvents = YES;
				INFOPLIST_KEY_UILaunchScreen_Generation = YES;
				INFOPLIST_KEY_UISupportedInterfaceOrientations_iPad = "UIInterfaceOrientationPortrait UIInterfaceOrientationPortraitUpsideDown UIInterfaceOrientationLandscapeLeft UIInterfaceOrientationLandscapeRight";
				INFOPLIST_KEY_UISupportedInterfaceOrientations_iPhone = "UIInterfaceOrientationPortrait UIInterfaceOrientationLandscapeLeft UIInterfaceOrientationLandscapeRight";
				LD_RUNPATH_SEARCH_PATHS = (
					"$(inherited)",
					"@executable_path/Frameworks",
				);
				MARKETING_VERSION = 1.0;
				PRODUCT_BUNDLE_IDENTIFIER = com.harshmakwana.BaysideDeli;
				PRODUCT_NAME = "$(TARGET_NAME)";
				STRING_CATALOG_GENERATE_SYMBOLS = YES;
				SWIFT_APPROACHABLE_CONCURRENCY = YES;
				SWIFT_DEFAULT_ACTOR_ISOLATION = MainActor;
				SWIFT_EMIT_LOC_STRINGS = YES;
				SWIFT_UPCOMING_FEATURE_MEMBER_IMPORT_VISIBILITY = YES;
				SWIFT_VERSION = 5.0;
				TARGETED_DEVICE_FAMILY = "1,2";
			};
			name = Debug;
		};
		506F86D62ED6399800A402C3 /* Release */ = {
			isa = XCBuildConfiguration;
			buildSettings = {
				ASSETCATALOG_COMPILER_APPICON_NAME = AppIcon;
				ASSETCATALOG_COMPILER_GLOBAL_ACCENT_COLOR_NAME = AccentColor;
				CODE_SIGN_STYLE = Automatic;
				CURRENT_PROJECT_VERSION = 1;
				DEVELOPMENT_TEAM = 7C7Q223T5G;
				ENABLE_PREVIEWS = YES;
				GENERATE_INFOPLIST_FILE = YES;
				INFOPLIST_KEY_UIApplicationSceneManifest_Generation = YES;
				INFOPLIST_KEY_UIApplicationSupportsIndirectInputEvents = YES;
				INFOPLIST_KEY_UILaunchScreen_Generation = YES;
				INFOPLIST_KEY_UISupportedInterfaceOrientations_iPad = "UIInterfaceOrientationPortrait UIInterfaceOrientationPortraitUpsideDown UIInterfaceOrientationLandscapeLeft UIInterfaceOrientationLandscapeRight";
				INFOPLIST_KEY_UISupportedInterfaceOrientations_iPhone = "UIInterfaceOrientationPortrait UIInterfaceOrientationLandscapeLeft UIInterfaceOrientationLandscapeRight";
				LD_RUNPATH_SEARCH_PATHS = (
					"$(inherited)",
					"@executable_path/Frameworks",
				);
				MARKETING_VERSION = 1.0;
				PRODUCT_BUNDLE_IDENTIFIER = com.harshmakwana.BaysideDeli;
				PRODUCT_NAME = "$(TARGET_NAME)";
				STRING_CATALOG_GENERATE_SYMBOLS = YES;
				SWIFT_APPROACHABLE_CONCURRENCY = YES;
				SWIFT_DEFAULT_ACTOR_ISOLATION = MainActor;
				SWIFT_EMIT_LOC_STRINGS = YES;
				SWIFT_UPCOMING_FEATURE_MEMBER_IMPORT_VISIBILITY = YES;
				SWIFT_VERSION = 5.0;
				TARGETED_DEVICE_FAMILY = "1,2";
			};
			name = Release;
		};
/* End XCBuildConfiguration section */

/* Begin XCConfigurationList section */
		506F86C42ED6399600A402C3 /* Build configuration list for PBXProject "BaysideDeli" */ = {
			isa = XCConfigurationList;
			buildConfigurations = (
				506F86D22ED6399800A402C3 /* Debug */,
				506F86D32ED6399800A402C3 /* Release */,
			);
			defaultConfigurationIsVisible = 0;
			defaultConfigurationName = Release;
		};
		506F86D42ED6399800A402C3 /* Build configuration list for PBXNativeTarget "BaysideDeli" */ = {
			isa = XCConfigurationList;
			buildConfigurations = (
				506F86D52ED6399800A402C3 /* Debug */,
				506F86D62ED6399800A402C3 /* Release */,
			);
			defaultConfigurationIsVisible = 0;
			defaultConfigurationName = Release;
		};
/* End XCConfigurationList section */

/* Begin XCRemoteSwiftPackageReference section */
		506F86E42ED8D3BB00A402C3 /* XCRemoteSwiftPackageReference "supabase-swift" */ = {
			isa = XCRemoteSwiftPackageReference;
			repositoryURL = "https://github.com/supabase/supabase-swift";
			requirement = {
				kind = upToNextMajorVersion;
				minimumVersion = 2.5.1;
			};
		};
/* End XCRemoteSwiftPackageReference section */

/* Begin XCSwiftPackageProductDependency section */
		506F86E52ED8D3BB00A402C3 /* Auth */ = {
			isa = XCSwiftPackageProductDependency;
			package = 506F86E42ED8D3BB00A402C3 /* XCRemoteSwiftPackageReference "supabase-swift" */;
			productName = Auth;
		};
		506F86E72ED8D3BB00A402C3 /* PostgREST */ = {
			isa = XCSwiftPackageProductDependency;
			package = 506F86E42ED8D3BB00A402C3 /* XCRemoteSwiftPackageReference "supabase-swift" */;
			productName = PostgREST;
		};
		506F86E92ED8D3BB00A402C3 /* Storage */ = {
			isa = XCSwiftPackageProductDependency;
			package = 506F86E42ED8D3BB00A402C3 /* XCRemoteSwiftPackageReference "supabase-swift" */;
			productName = Storage;
		};
/* End XCSwiftPackageProductDependency section */
	};
	rootObject = 506F86C12ED6399600A402C3 /* Project object */;
}
